
Microsoft Visual Studio Solution File, Format Version 12.00
# Visual Studio 2013
VisualStudioVersion = 12.0.21005.1
MinimumVisualStudioVersion = 10.0.40219.1
Project("{FAE04EC0-301F-11D3-BF4B-00C04F79EFBC}") = "Natacion", "Natacion\Natacion.csproj", "{9B05613D-0CE9-4724-BA4D-A1B17CF1950C}"
EndProject
Project("{FAE04EC0-301F-11D3-BF4B-00C04F79EFBC}") = "Entidades", "Entidades\Entidades.csproj", "{BB615ECC-3D23-48B5-A196-44580D8171D3}"
EndProject
Project("{FAE04EC0-301F-11D3-BF4B-00C04F79EFBC}") = "Datos", "Datos\Datos.csproj", "{7FCD6C55-E328-4755-8F02-B90153E997D8}"
EndProject
Project("{FAE04EC0-301F-11D3-BF4B-00C04F79EFBC}") = "Negocio", "Negocio\Negocio.csproj", "{568BBE2E-150B-454E-B640-7F4C82B7DE1B}"
EndProject
Project("{FAE04EC0-301F-11D3-BF4B-00C04F79EFBC}") = "Utilidades", "Utilidades\Utilidades.csproj", "{172E7DF6-D4BA-422F-8514-F521DD6BD4C6}"
EndProject
Global
	GlobalSection(SolutionConfigurationPlatforms) = preSolution
		Debug|Any CPU = Debug|Any CPU
		Release|Any CPU = Release|Any CPU
	EndGlobalSection
	GlobalSection(ProjectConfigurationPlatforms) = postSolution
		{9B05613D-0CE9-4724-BA4D-A1B17CF1950C}.Debug|Any CPU.ActiveCfg = Debug|Any CPU
		{9B05613D-0CE9-4724-BA4D-A1B17CF1950C}.Debug|Any CPU.Build.0 = Debug|Any CPU
		{9B05613D-0CE9-4724-BA4D-A1B17CF1950C}.Release|Any CPU.ActiveCfg = Release|Any CPU
		{9B05613D-0CE9-4724-BA4D-A1B17CF1950C}.Release|Any CPU.Build.0 = Release|Any CPU
		{BB615ECC-3D23-48B5-A196-44580D8171D3}.Debug|Any CPU.ActiveCfg = Debug|Any CPU
		{BB615ECC-3D23-48B5-A196-44580D8171D3}.Debug|Any CPU.Build.0 = Debug|Any CPU
		{BB615ECC-3D23-48B5-A196-44580D8171D3}.Release|Any CPU.ActiveCfg = Release|Any CPU
		{BB615ECC-3D23-48B5-A196-44580D8171D3}.Release|Any CPU.Build.0 = Release|Any CPU
		{7FCD6C55-E328-4755-8F02-B90153E997D8}.Debug|Any CPU.ActiveCfg = Debug|Any CPU
		{7FCD6C55-E328-4755-8F02-B90153E997D8}.Debug|Any CPU.Build.0 = Debug|Any CPU
		{7FCD6C55-E328-4755-8F02-B90153E997D8}.Release|Any CPU.ActiveCfg = Release|Any CPU
		{7FCD6C55-E328-4755-8F02-B90153E997D8}.Release|Any CPU.Build.0 = Release|Any CPU
		{568BBE2E-150B-454E-B640-7F4C82B7DE1B}.Debug|Any CPU.ActiveCfg = Debug|Any CPU
		{568BBE2E-150B-454E-B640-7F4C82B7DE1B}.Debug|Any CPU.Build.0 = Debug|Any CPU
		{568BBE2E-150B-454E-B640-7F4C82B7DE1B}.Release|Any CPU.ActiveCfg = Release|Any CPU
		{568BBE2E-150B-454E-B640-7F4C82B7DE1B}.Release|Any CPU.Build.0 = Release|Any CPU
		{172E7DF6-D4BA-422F-8514-F521DD6BD4C6}.Debug|Any CPU.ActiveCfg = Debug|Any CPU
		{172E7DF6-D4BA-422F-8514-F521DD6BD4C6}.Debug|Any CPU.Build.0 = Debug|Any CPU
		{172E7DF6-D4BA-422F-8514-F521DD6BD4C6}.Release|Any CPU.ActiveCfg = Release|Any CPU
		{172E7DF6-D4BA-422F-8514-F521DD6BD4C6}.Release|Any CPU.Build.0 = Release|Any CPU
	EndGlobalSection
	GlobalSection(SolutionProperties) = preSolution
		HideSolutionNode = FALSE
	EndGlobalSection
EndGlobal
